
Microsoft Visual Studio Solution File, Format Version 12.00
# Visual Studio Version 16
VisualStudioVersion = 16.0.29926.136
MinimumVisualStudioVersion = 10.0.40219.1
Project("{FAE04EC0-301F-11D3-BF4B-00C04F79EFBC}") = "UnitTesting", "UnitTesting.csproj", "{DDCB7536-23D7-4D3B-B3BB-B139EE5116A4}"
EndProject
Project("{FAE04EC0-301F-11D3-BF4B-00C04F79EFBC}") = "ArithematicOperationTestCases", "..\ArithematicOperationTestCases\ArithematicOperationTestCases.csproj", "{66253BEA-529C-4B28-99CE-36F336DD9A9E}"
EndProject
Global
	GlobalSection(SolutionConfigurationPlatforms) = preSolution
		Debug|Any CPU = Debug|Any CPU
		Release|Any CPU = Release|Any CPU
	EndGlobalSection
	GlobalSection(ProjectConfigurationPlatforms) = postSolution
		{DDCB7536-23D7-4D3B-B3BB-B139EE5116A4}.Debug|Any CPU.ActiveCfg = Debug|Any CPU
		{DDCB7536-23D7-4D3B-B3BB-B139EE5116A4}.Debug|Any CPU.Build.0 = Debug|Any CPU
		{DDCB7536-23D7-4D3B-B3BB-B139EE5116A4}.Release|Any CPU.ActiveCfg = Release|Any CPU
		{DDCB7536-23D7-4D3B-B3BB-B139EE5116A4}.Release|Any CPU.Build.0 = Release|Any CPU
		{66253BEA-529C-4B28-99CE-36F336DD9A9E}.Debug|Any CPU.ActiveCfg = Debug|Any CPU
		{66253BEA-529C-4B28-99CE-36F336DD9A9E}.Debug|Any CPU.Build.0 = Debug|Any CPU
		{66253BEA-529C-4B28-99CE-36F336DD9A9E}.Release|Any CPU.ActiveCfg = Release|Any CPU
		{66253BEA-529C-4B28-99CE-36F336DD9A9E}.Release|Any CPU.Build.0 = Release|Any CPU
	EndGlobalSection
	GlobalSection(SolutionProperties) = preSolution
		HideSolutionNode = FALSE
	EndGlobalSection
	GlobalSection(ExtensibilityGlobals) = postSolution
		SolutionGuid = {AA7AA830-1DBB-4E06-A0A3-03B14F349E75}
	EndGlobalSection
EndGlobal
